# This file is generated by running "yarn install" inside your project.
# Manual changes might be lost - proceed with caution!

__metadata:
  version: 4
  cacheKey: 7

"hammerspoon@workspace:.":
  version: 0.0.0-use.local
  resolution: "hammerspoon@workspace:."
  dependencies:
    typescript-to-lua: ^0.33.0
  languageName: unknown
  linkType: soft

"path-parse@npm:^1.0.6":
  version: 1.0.6
  resolution: "path-parse@npm:1.0.6"
  checksum: 2eee4b93fb3ae13600e3fca18390d9933bbbcf725a624f6b8df020d87515a74872ff6c58072190d6dc75a5584a683dc6ae5c385ad4e4f4efb6e66af040d56c67
  languageName: node
  linkType: hard

resolve@^1.15.1:
  version: 1.17.0
  resolution: "resolve@npm:1.17.0"
  dependencies:
    path-parse: ^1.0.6
  checksum: 5e3cdb8cf68c20b0c5edeb6505e7fab20c6776af0cae4b978836e557420aef7bb50acd25339bbb143b7f80533aa1988c7e827a0061aee9c237926a7d2c41f8d0
  languageName: node
  linkType: hard

"resolve@patch:resolve@^1.15.1#builtin<compat/resolve>":
  version: 1.17.0
  resolution: "resolve@patch:resolve@npm%3A1.17.0#builtin<compat/resolve>::version=1.17.0&hash=3388aa"
  dependencies:
    path-parse: ^1.0.6
  checksum: 4bcfb568860d0c361fd16c26b6fce429711138ff0de7dd353bdd73fcb5c7eede2f4602d40ccfa08ff45ec7ef9830845eab2021a46036af0a6e5b58bab1ff6399
  languageName: node
  linkType: hard

"source-map@npm:^0.7.3":
  version: 0.7.3
  resolution: "source-map@npm:0.7.3"
  checksum: 351ce26ffa1ebf203660c0d70d7566c81e65d2d994d1c2d94da140808e02da34961673ce12ecea9b40797b96fbeb8c70bf71a4ad9f779f1a4fdbba75530bb386
  languageName: node
  linkType: hard

"typescript-to-lua@npm:^0.33.0":
  version: 0.33.0
  resolution: "typescript-to-lua@npm:0.33.0"
  dependencies:
    resolve: ^1.15.1
    source-map: ^0.7.3
    typescript: ^3.8.3
  bin:
    tstl: ./dist/tstl.js
  checksum: 37561ea2a3762449a817ffeae93b91099114c8a0dcd329c70acc7e85ae2d98563b1e311073c724748881f7349aef3b1b4c12560e22d415a54231cc9826b17e50
  languageName: node
  linkType: hard

typescript@^3.8.3:
  version: 3.9.2
  resolution: "typescript@npm:3.9.2"
  bin:
    tsc: bin/tsc
    tsserver: bin/tsserver
  checksum: bf7cbf2f8c695aa942be60da470aaaf902c2e9b3693ed5141fa6de5632f42f471b7e83bd9d4dcff5e0fa37eff746d61cfe1e6949019ad70f0f98d1f60ccfd3ae
  languageName: node
  linkType: hard

"typescript@patch:typescript@^3.8.3#builtin<compat/typescript>":
  version: 3.9.2
  resolution: "typescript@patch:typescript@npm%3A3.9.2#builtin<compat/typescript>::version=3.9.2&hash=a45b0e"
  bin:
    tsc: bin/tsc
    tsserver: bin/tsserver
  checksum: 0fb793283513adff55a03207e9df4483f2e586c8fc98abd1423a4e4bd2b867a8e4d6105aeeaa5b4432e83aaf125747c1bcab65c61f4d942829337ad3f8fee322
  languageName: node
  linkType: hard
