# THIS IS AN AUTOGENERATED FILE. DO NOT EDIT THIS FILE DIRECTLY.
# yarn lockfile v1


path-parse@^1.0.6:
  version "1.0.6"
  resolved "https://registry.npm.taobao.org/path-parse/download/path-parse-1.0.6.tgz#d62dbb5679405d72c4737ec58600e9ddcf06d24c"
  integrity sha1-1i27VnlAXXLEc37FhgDp3c8G0kw=

resolve@^1.15.1:
  version "1.17.0"
  resolved "https://registry.npm.taobao.org/resolve/download/resolve-1.17.0.tgz#b25941b54968231cc2d1bb76a79cb7f2c0bf8444"
  integrity sha1-sllBtUloIxzC0bt2p5y38sC/hEQ=
  dependencies:
    path-parse "^1.0.6"

source-map@^0.7.3:
  version "0.7.3"
  resolved "https://registry.npm.taobao.org/source-map/download/source-map-0.7.3.tgz#5302f8169031735226544092e64981f751750383"
  integrity sha1-UwL4FpAxc1ImVECS5kmB91F1A4M=

typescript-to-lua@^0.33.0:
  version "0.33.0"
  resolved "https://registry.npm.taobao.org/typescript-to-lua/download/typescript-to-lua-0.33.0.tgz#1c77380e6f51dea6ad221034cdb1ba4e0699c8eb"
  integrity sha1-HHc4Dm9R3qatIhA0zbG6TgaZyOs=
  dependencies:
    resolve "^1.15.1"
    source-map "^0.7.3"
    typescript "^3.8.3"

typescript@^3.8.3:
  version "3.9.2"
  resolved "https://registry.npm.taobao.org/typescript/download/typescript-3.9.2.tgz#64e9c8e9be6ea583c54607677dd4680a1cf35db9"
  integrity sha1-ZOnI6b5upYPFRgdnfdRoChzzXbk=
